{
  "name": "liquid-debugger",
  "version": "1.0.0",
  "lockfileVersion": 1,
  "requires": true,
  "dependencies": {
    "liquidjs": {
      "version": "9.11.10",
      "resolved": "https://registry.npmjs.org/liquidjs/-/liquidjs-9.11.10.tgz",
      "integrity": "sha512-ujDOoesvbfz6UiCvx5+TpEYTAeT4KV6jF2I/67lUnR8Uj3m3djpEpGxOzcmLlz2v/VvOejYm8snc5xo9FMOZ9w=="
    }
  }
}
